{
  "requires": true,
  "lockfileVersion": 1,
  "dependencies": {
    "three-tube-wireframe": {
      "version": "1.2.0",
      "resolved": "https://registry.npmjs.org/three-tube-wireframe/-/three-tube-wireframe-1.2.0.tgz",
      "integrity": "sha512-7qQFb1TVQgtvoRmUix56NM6cDqcVdvO0dThaM0PThvYoIs8jN3jngWiCYOZPBJWK9vcZBHd80Xax+aoM2jQodA=="
    }
  }
}
